// !$*UTF8*$!
{
	archiveVersion = 1;
	classes = {
	};
	objectVersion = 46;
	objects = {

/* Begin PBXBuildFile section */
		B15FFD401D8DFFCC000E53B6 /* AppDelegate.swift in Sources */ = {isa = PBXBuildFile; fileRef = B15FFD3F1D8DFFCC000E53B6 /* AppDelegate.swift */; };
		B15FFD421D8DFFCC000E53B6 /* ViewController.swift in Sources */ = {isa = PBXBuildFile; fileRef = B15FFD411D8DFFCC000E53B6 /* ViewController.swift */; };
		B15FFD451D8DFFCC000E53B6 /* Main.storyboard in Resources */ = {isa = PBXBuildFile; fileRef = B15FFD431D8DFFCC000E53B6 /* Main.storyboard */; };
		B15FFD471D8DFFCC000E53B6 /* Assets.xcassets in Resources */ = {isa = PBXBuildFile; fileRef = B15FFD461D8DFFCC000E53B6 /* Assets.xcassets */; };
		B15FFD4A1D8DFFCC000E53B6 /* LaunchScreen.storyboard in Resources */ = {isa = PBXBuildFile; fileRef = B15FFD481D8DFFCC000E53B6 /* LaunchScreen.storyboard */; };
		B15FFD551D8DFFCC000E53B6 /* SchoolBusTests.swift in Sources */ = {isa = PBXBuildFile; fileRef = B15FFD541D8DFFCC000E53B6 /* SchoolBusTests.swift */; };
		B15FFD601D8DFFCC000E53B6 /* SchoolBusUITests.swift in Sources */ = {isa = PBXBuildFile; fileRef = B15FFD5F1D8DFFCC000E53B6 /* SchoolBusUITests.swift */; };
		B1B8EC621DC8826B0052DBD8 /* Podfile in Resources */ = {isa = PBXBuildFile; fileRef = B1B8EC611DC8826B0052DBD8 /* Podfile */; };
		DA4817251DC776DD0078E300 /* MapKit.framework in Frameworks */ = {isa = PBXBuildFile; fileRef = DA4817241DC776DD0078E300 /* MapKit.framework */; };
		DBCA6891097317A4E2F6C7D9 /* Pods_SchoolBus.framework in Frameworks */ = {isa = PBXBuildFile; fileRef = 02244778BFA53DF0D77330E8 /* Pods_SchoolBus.framework */; };
/* End PBXBuildFile section */

/* Begin PBXContainerItemProxy section */
		B15FFD511D8DFFCC000E53B6 /* PBXContainerItemProxy */ = {
			isa = PBXContainerItemProxy;
			containerPortal = B15FFD341D8DFFCC000E53B6 /* Project object */;
			proxyType = 1;
			remoteGlobalIDString = B15FFD3B1D8DFFCC000E53B6;
			remoteInfo = SchoolBus;
		};
		B15FFD5C1D8DFFCC000E53B6 /* PBXContainerItemProxy */ = {
			isa = PBXContainerItemProxy;
			containerPortal = B15FFD341D8DFFCC000E53B6 /* Project object */;
			proxyType = 1;
			remoteGlobalIDString = B15FFD3B1D8DFFCC000E53B6;
			remoteInfo = SchoolBus;
		};
/* End PBXContainerItemProxy section */

/* Begin PBXCopyFilesBuildPhase section */
		B16314581DC7F2DF0030195E /* Embed Frameworks */ = {
			isa = PBXCopyFilesBuildPhase;
			buildActionMask = 2147483647;
			dstPath = "";
			dstSubfolderSpec = 10;
			files = (
			);
			name = "Embed Frameworks";
			runOnlyForDeploymentPostprocessing = 0;
		};
/* End PBXCopyFilesBuildPhase section */

/* Begin PBXFileReference section */
		02244778BFA53DF0D77330E8 /* Pods_SchoolBus.framework */ = {isa = PBXFileReference; explicitFileType = wrapper.framework; includeInIndex = 0; path = Pods_SchoolBus.framework; sourceTree = BUILT_PRODUCTS_DIR; };
		286F8E046FF9D889AE745986 /* Pods-SchoolBus.release.xcconfig */ = {isa = PBXFileReference; includeInIndex = 1; lastKnownFileType = text.xcconfig; name = "Pods-SchoolBus.release.xcconfig"; path = "Pods/Target Support Files/Pods-SchoolBus/Pods-SchoolBus.release.xcconfig"; sourceTree = "<group>"; };
		6478BDD6E1E03A92BC37B5B0 /* Pods-SchoolBus.debug.xcconfig */ = {isa = PBXFileReference; includeInIndex = 1; lastKnownFileType = text.xcconfig; name = "Pods-SchoolBus.debug.xcconfig"; path = "Pods/Target Support Files/Pods-SchoolBus/Pods-SchoolBus.debug.xcconfig"; sourceTree = "<group>"; };
		B11E9A3E1DCA24A700E001CF /* MyPlayground.playground */ = {isa = PBXFileReference; lastKnownFileType = file.playground; path = MyPlayground.playground; sourceTree = "<group>"; };
		B15FFD3C1D8DFFCC000E53B6 /* SchoolBus.app */ = {isa = PBXFileReference; explicitFileType = wrapper.application; includeInIndex = 0; path = SchoolBus.app; sourceTree = BUILT_PRODUCTS_DIR; };
		B15FFD3F1D8DFFCC000E53B6 /* AppDelegate.swift */ = {isa = PBXFileReference; lastKnownFileType = sourcecode.swift; path = AppDelegate.swift; sourceTree = "<group>"; };
		B15FFD411D8DFFCC000E53B6 /* ViewController.swift */ = {isa = PBXFileReference; lastKnownFileType = sourcecode.swift; path = ViewController.swift; sourceTree = "<group>"; };
		B15FFD441D8DFFCC000E53B6 /* Base */ = {isa = PBXFileReference; lastKnownFileType = file.storyboard; name = Base; path = Base.lproj/Main.storyboard; sourceTree = "<group>"; };
		B15FFD461D8DFFCC000E53B6 /* Assets.xcassets */ = {isa = PBXFileReference; lastKnownFileType = folder.assetcatalog; path = Assets.xcassets; sourceTree = "<group>"; };
		B15FFD491D8DFFCC000E53B6 /* Base */ = {isa = PBXFileReference; lastKnownFileType = file.storyboard; name = Base; path = Base.lproj/LaunchScreen.storyboard; sourceTree = "<group>"; };
		B15FFD4B1D8DFFCC000E53B6 /* Info.plist */ = {isa = PBXFileReference; lastKnownFileType = text.plist.xml; path = Info.plist; sourceTree = "<group>"; };
		B15FFD501D8DFFCC000E53B6 /* SchoolBusTests.xctest */ = {isa = PBXFileReference; explicitFileType = wrapper.cfbundle; includeInIndex = 0; path = SchoolBusTests.xctest; sourceTree = BUILT_PRODUCTS_DIR; };
		B15FFD541D8DFFCC000E53B6 /* SchoolBusTests.swift */ = {isa = PBXFileReference; lastKnownFileType = sourcecode.swift; path = SchoolBusTests.swift; sourceTree = "<group>"; };
		B15FFD561D8DFFCC000E53B6 /* Info.plist */ = {isa = PBXFileReference; lastKnownFileType = text.plist.xml; path = Info.plist; sourceTree = "<group>"; };
		B15FFD5B1D8DFFCC000E53B6 /* SchoolBusUITests.xctest */ = {isa = PBXFileReference; explicitFileType = wrapper.cfbundle; includeInIndex = 0; path = SchoolBusUITests.xctest; sourceTree = BUILT_PRODUCTS_DIR; };
		B15FFD5F1D8DFFCC000E53B6 /* SchoolBusUITests.swift */ = {isa = PBXFileReference; lastKnownFileType = sourcecode.swift; path = SchoolBusUITests.swift; sourceTree = "<group>"; };
		B15FFD611D8DFFCC000E53B6 /* Info.plist */ = {isa = PBXFileReference; lastKnownFileType = text.plist.xml; path = Info.plist; sourceTree = "<group>"; };
		B1B8EC611DC8826B0052DBD8 /* Podfile */ = {isa = PBXFileReference; fileEncoding = 4; lastKnownFileType = text; path = Podfile; sourceTree = "<group>"; xcLanguageSpecificationIdentifier = xcode.lang.ruby; };
		DA4817241DC776DD0078E300 /* MapKit.framework */ = {isa = PBXFileReference; lastKnownFileType = wrapper.framework; name = MapKit.framework; path = System/Library/Frameworks/MapKit.framework; sourceTree = SDKROOT; };
/* End PBXFileReference section */

/* Begin PBXFrameworksBuildPhase section */
		B15FFD391D8DFFCC000E53B6 /* Frameworks */ = {
			isa = PBXFrameworksBuildPhase;
			buildActionMask = 2147483647;
			files = (
				DA4817251DC776DD0078E300 /* MapKit.framework in Frameworks */,
				DBCA6891097317A4E2F6C7D9 /* Pods_SchoolBus.framework in Frameworks */,
			);
			runOnlyForDeploymentPostprocessing = 0;
		};
		B15FFD4D1D8DFFCC000E53B6 /* Frameworks */ = {
			isa = PBXFrameworksBuildPhase;
			buildActionMask = 2147483647;
			files = (
			);
			runOnlyForDeploymentPostprocessing = 0;
		};
		B15FFD581D8DFFCC000E53B6 /* Frameworks */ = {
			isa = PBXFrameworksBuildPhase;
			buildActionMask = 2147483647;
			files = (
			);
			runOnlyForDeploymentPostprocessing = 0;
		};
/* End PBXFrameworksBuildPhase section */

/* Begin PBXGroup section */
		B15FFD331D8DFFCC000E53B6 = {
			isa = PBXGroup;
			children = (
				B11E9A3E1DCA24A700E001CF /* MyPlayground.playground */,
				B1B8EC611DC8826B0052DBD8 /* Podfile */,
				B15FFD3E1D8DFFCC000E53B6 /* SchoolBus */,
				B15FFD531D8DFFCC000E53B6 /* SchoolBusTests */,
				B15FFD5E1D8DFFCC000E53B6 /* SchoolBusUITests */,
				B15FFD3D1D8DFFCC000E53B6 /* Products */,
				DA4817231DC776DC0078E300 /* Frameworks */,
				D4C04EE969E86957E52F1C69 /* Pods */,
			);
			sourceTree = "<group>";
		};
		B15FFD3D1D8DFFCC000E53B6 /* Products */ = {
			isa = PBXGroup;
			children = (
				B15FFD3C1D8DFFCC000E53B6 /* SchoolBus.app */,
				B15FFD501D8DFFCC000E53B6 /* SchoolBusTests.xctest */,
				B15FFD5B1D8DFFCC000E53B6 /* SchoolBusUITests.xctest */,
			);
			name = Products;
			sourceTree = "<group>";
		};
		B15FFD3E1D8DFFCC000E53B6 /* SchoolBus */ = {
			isa = PBXGroup;
			children = (
				B15FFD3F1D8DFFCC000E53B6 /* AppDelegate.swift */,
				B15FFD411D8DFFCC000E53B6 /* ViewController.swift */,
				B15FFD431D8DFFCC000E53B6 /* Main.storyboard */,
				B15FFD461D8DFFCC000E53B6 /* Assets.xcassets */,
				B15FFD481D8DFFCC000E53B6 /* LaunchScreen.storyboard */,
				B15FFD4B1D8DFFCC000E53B6 /* Info.plist */,
			);
			path = SchoolBus;
			sourceTree = "<group>";
		};
		B15FFD531D8DFFCC000E53B6 /* SchoolBusTests */ = {
			isa = PBXGroup;
			children = (
				B15FFD541D8DFFCC000E53B6 /* SchoolBusTests.swift */,
				B15FFD561D8DFFCC000E53B6 /* Info.plist */,
			);
			path = SchoolBusTests;
			sourceTree = "<group>";
		};
		B15FFD5E1D8DFFCC000E53B6 /* SchoolBusUITests */ = {
			isa = PBXGroup;
			children = (
				B15FFD5F1D8DFFCC000E53B6 /* SchoolBusUITests.swift */,
				B15FFD611D8DFFCC000E53B6 /* Info.plist */,
			);
			path = SchoolBusUITests;
			sourceTree = "<group>";
		};
		D4C04EE969E86957E52F1C69 /* Pods */ = {
			isa = PBXGroup;
			children = (
				6478BDD6E1E03A92BC37B5B0 /* Pods-SchoolBus.debug.xcconfig */,
				286F8E046FF9D889AE745986 /* Pods-SchoolBus.release.xcconfig */,
			);
			name = Pods;
			sourceTree = "<group>";
		};
		DA4817231DC776DC0078E300 /* Frameworks */ = {
			isa = PBXGroup;
			children = (
				DA4817241DC776DD0078E300 /* MapKit.framework */,
				02244778BFA53DF0D77330E8 /* Pods_SchoolBus.framework */,
			);
			name = Frameworks;
			sourceTree = "<group>";
		};
/* End PBXGroup section */

/* Begin PBXNativeTarget section */
		B15FFD3B1D8DFFCC000E53B6 /* SchoolBus */ = {
			isa = PBXNativeTarget;
			buildConfigurationList = B15FFD641D8DFFCC000E53B6 /* Build configuration list for PBXNativeTarget "SchoolBus" */;
			buildPhases = (
				B623868AD6606FDEF4E46D48 /* [CP] Check Pods Manifest.lock */,
				B15FFD381D8DFFCC000E53B6 /* Sources */,
				B15FFD391D8DFFCC000E53B6 /* Frameworks */,
				B15FFD3A1D8DFFCC000E53B6 /* Resources */,
				B16314581DC7F2DF0030195E /* Embed Frameworks */,
				25BFFBFC60296EB1D6426885 /* [CP] Embed Pods Frameworks */,
				1607FC59AC72D698C58F7F05 /* [CP] Copy Pods Resources */,
			);
			buildRules = (
			);
			dependencies = (
			);
			name = SchoolBus;
			productName = SchoolBus;
			productReference = B15FFD3C1D8DFFCC000E53B6 /* SchoolBus.app */;
			productType = "com.apple.product-type.application";
		};
		B15FFD4F1D8DFFCC000E53B6 /* SchoolBusTests */ = {
			isa = PBXNativeTarget;
			buildConfigurationList = B15FFD671D8DFFCC000E53B6 /* Build configuration list for PBXNativeTarget "SchoolBusTests" */;
			buildPhases = (
				B15FFD4C1D8DFFCC000E53B6 /* Sources */,
				B15FFD4D1D8DFFCC000E53B6 /* Frameworks */,
				B15FFD4E1D8DFFCC000E53B6 /* Resources */,
			);
			buildRules = (
			);
			dependencies = (
				B15FFD521D8DFFCC000E53B6 /* PBXTargetDependency */,
			);
			name = SchoolBusTests;
			productName = SchoolBusTests;
			productReference = B15FFD501D8DFFCC000E53B6 /* SchoolBusTests.xctest */;
			productType = "com.apple.product-type.bundle.unit-test";
		};
		B15FFD5A1D8DFFCC000E53B6 /* SchoolBusUITests */ = {
			isa = PBXNativeTarget;
			buildConfigurationList = B15FFD6A1D8DFFCC000E53B6 /* Build configuration list for PBXNativeTarget "SchoolBusUITests" */;
			buildPhases = (
				B15FFD571D8DFFCC000E53B6 /* Sources */,
				B15FFD581D8DFFCC000E53B6 /* Frameworks */,
				B15FFD591D8DFFCC000E53B6 /* Resources */,
			);
			buildRules = (
			);
			dependencies = (
				B15FFD5D1D8DFFCC000E53B6 /* PBXTargetDependency */,
			);
			name = SchoolBusUITests;
			productName = SchoolBusUITests;
			productReference = B15FFD5B1D8DFFCC000E53B6 /* SchoolBusUITests.xctest */;
			productType = "com.apple.product-type.bundle.ui-testing";
		};
/* End PBXNativeTarget section */

/* Begin PBXProject section */
		B15FFD341D8DFFCC000E53B6 /* Project object */ = {
			isa = PBXProject;
			attributes = {
				LastSwiftUpdateCheck = 0730;
				LastUpgradeCheck = 0800;
				ORGANIZATIONNAME = "Paul Freeman";
				TargetAttributes = {
					B15FFD3B1D8DFFCC000E53B6 = {
						CreatedOnToolsVersion = 7.3.1;
						DevelopmentTeam = 9V9KDQQ5K4;
						LastSwiftMigration = 0800;
						SystemCapabilities = {
							com.apple.BackgroundModes = {
								enabled = 1;
							};
						};
					};
					B15FFD4F1D8DFFCC000E53B6 = {
						CreatedOnToolsVersion = 7.3.1;
						LastSwiftMigration = 0800;
						TestTargetID = B15FFD3B1D8DFFCC000E53B6;
					};
					B15FFD5A1D8DFFCC000E53B6 = {
						CreatedOnToolsVersion = 7.3.1;
						LastSwiftMigration = 0800;
						TestTargetID = B15FFD3B1D8DFFCC000E53B6;
					};
				};
			};
			buildConfigurationList = B15FFD371D8DFFCC000E53B6 /* Build configuration list for PBXProject "SchoolBus" */;
			compatibilityVersion = "Xcode 3.2";
			developmentRegion = English;
			hasScannedForEncodings = 0;
			knownRegions = (
				en,
				Base,
			);
			mainGroup = B15FFD331D8DFFCC000E53B6;
			productRefGroup = B15FFD3D1D8DFFCC000E53B6 /* Products */;
			projectDirPath = "";
			projectRoot = "";
			targets = (
				B15FFD3B1D8DFFCC000E53B6 /* SchoolBus */,
				B15FFD4F1D8DFFCC000E53B6 /* SchoolBusTests */,
				B15FFD5A1D8DFFCC000E53B6 /* SchoolBusUITests */,
			);
		};
/* End PBXProject section */

/* Begin PBXResourcesBuildPhase section */
		B15FFD3A1D8DFFCC000E53B6 /* Resources */ = {
			isa = PBXResourcesBuildPhase;
			buildActionMask = 2147483647;
			files = (
				B15FFD4A1D8DFFCC000E53B6 /* LaunchScreen.storyboard in Resources */,
				B15FFD471D8DFFCC000E53B6 /* Assets.xcassets in Resources */,
				B1B8EC621DC8826B0052DBD8 /* Podfile in Resources */,
				B15FFD451D8DFFCC000E53B6 /* Main.storyboard in Resources */,
			);
			runOnlyForDeploymentPostprocessing = 0;
		};
		B15FFD4E1D8DFFCC000E53B6 /* Resources */ = {
			isa = PBXResourcesBuildPhase;
			buildActionMask = 2147483647;
			files = (
			);
			runOnlyForDeploymentPostprocessing = 0;
		};
		B15FFD591D8DFFCC000E53B6 /* Resources */ = {
			isa = PBXResourcesBuildPhase;
			buildActionMask = 2147483647;
			files = (
			);
			runOnlyForDeploymentPostprocessing = 0;
		};
/* End PBXResourcesBuildPhase section */

/* Begin PBXShellScriptBuildPhase section */
		1607FC59AC72D698C58F7F05 /* [CP] Copy Pods Resources */ = {
			isa = PBXShellScriptBuildPhase;
			buildActionMask = 2147483647;
			files = (
			);
			inputPaths = (
			);
			name = "[CP] Copy Pods Resources";
			outputPaths = (
			);
			runOnlyForDeploymentPostprocessing = 0;
			shellPath = /bin/sh;
			shellScript = "\"${SRCROOT}/Pods/Target Support Files/Pods-SchoolBus/Pods-SchoolBus-resources.sh\"\n";
			showEnvVarsInLog = 0;
		};
		25BFFBFC60296EB1D6426885 /* [CP] Embed Pods Frameworks */ = {
			isa = PBXShellScriptBuildPhase;
			buildActionMask = 2147483647;
			files = (
			);
			inputPaths = (
			);
			name = "[CP] Embed Pods Frameworks";
			outputPaths = (
			);
			runOnlyForDeploymentPostprocessing = 0;
			shellPath = /bin/sh;
			shellScript = "\"${SRCROOT}/Pods/Target Support Files/Pods-SchoolBus/Pods-SchoolBus-frameworks.sh\"\n";
			showEnvVarsInLog = 0;
		};
		B623868AD6606FDEF4E46D48 /* [CP] Check Pods Manifest.lock */ = {
			isa = PBXShellScriptBuildPhase;
			buildActionMask = 2147483647;
			files = (
			);
			inputPaths = (
			);
			name = "[CP] Check Pods Manifest.lock";
			outputPaths = (
			);
			runOnlyForDeploymentPostprocessing = 0;
			shellPath = /bin/sh;
			shellScript = "diff \"${PODS_ROOT}/../Podfile.lock\" \"${PODS_ROOT}/Manifest.lock\" > /dev/null\nif [ $? != 0 ] ; then\n    # print error to STDERR\n    echo \"error: The sandbox is not in sync with the Podfile.lock. Run 'pod install' or update your CocoaPods installation.\" >&2\n    exit 1\nfi\n";
			showEnvVarsInLog = 0;
		};
/* End PBXShellScriptBuildPhase section */

/* Begin PBXSourcesBuildPhase section */
		B15FFD381D8DFFCC000E53B6 /* Sources */ = {
			isa = PBXSourcesBuildPhase;
			buildActionMask = 2147483647;
			files = (
				B15FFD421D8DFFCC000E53B6 /* ViewController.swift in Sources */,
				B15FFD401D8DFFCC000E53B6 /* AppDelegate.swift in Sources */,
			);
			runOnlyForDeploymentPostprocessing = 0;
		};
		B15FFD4C1D8DFFCC000E53B6 /* Sources */ = {
			isa = PBXSourcesBuildPhase;
			buildActionMask = 2147483647;
			files = (
				B15FFD551D8DFFCC000E53B6 /* SchoolBusTests.swift in Sources */,
			);
			runOnlyForDeploymentPostprocessing = 0;
		};
		B15FFD571D8DFFCC000E53B6 /* Sources */ = {
			isa = PBXSourcesBuildPhase;
			buildActionMask = 2147483647;
			files = (
				B15FFD601D8DFFCC000E53B6 /* SchoolBusUITests.swift in Sources */,
			);
			runOnlyForDeploymentPostprocessing = 0;
		};
/* End PBXSourcesBuildPhase section */

/* Begin PBXTargetDependency section */
		B15FFD521D8DFFCC000E53B6 /* PBXTargetDependency */ = {
			isa = PBXTargetDependency;
			target = B15FFD3B1D8DFFCC000E53B6 /* SchoolBus */;
			targetProxy = B15FFD511D8DFFCC000E53B6 /* PBXContainerItemProxy */;
		};
		B15FFD5D1D8DFFCC000E53B6 /* PBXTargetDependency */ = {
			isa = PBXTargetDependency;
			target = B15FFD3B1D8DFFCC000E53B6 /* SchoolBus */;
			targetProxy = B15FFD5C1D8DFFCC000E53B6 /* PBXContainerItemProxy */;
		};
/* End PBXTargetDependency section */

/* Begin PBXVariantGroup section */
		B15FFD431D8DFFCC000E53B6 /* Main.storyboard */ = {
			isa = PBXVariantGroup;
			children = (
				B15FFD441D8DFFCC000E53B6 /* Base */,
			);
			name = Main.storyboard;
			sourceTree = "<group>";
		};
		B15FFD481D8DFFCC000E53B6 /* LaunchScreen.storyboard */ = {
			isa = PBXVariantGroup;
			children = (
				B15FFD491D8DFFCC000E53B6 /* Base */,
			);
			name = LaunchScreen.storyboard;
			sourceTree = "<group>";
		};
/* End PBXVariantGroup section */

/* Begin XCBuildConfiguration section */
		B15FFD621D8DFFCC000E53B6 /* Debug */ = {
			isa = XCBuildConfiguration;
			buildSettings = {
				ALWAYS_SEARCH_USER_PATHS = NO;
				CLANG_ANALYZER_NONNULL = YES;
				CLANG_CXX_LANGUAGE_STANDARD = "gnu++0x";
				CLANG_CXX_LIBRARY = "libc++";
				CLANG_ENABLE_MODULES = YES;
				CLANG_ENABLE_OBJC_ARC = YES;
				CLANG_WARN_BOOL_CONVERSION = YES;
				CLANG_WARN_CONSTANT_CONVERSION = YES;
				CLANG_WARN_DIRECT_OBJC_ISA_USAGE = YES_ERROR;
				CLANG_WARN_EMPTY_BODY = YES;
				CLANG_WARN_ENUM_CONVERSION = YES;
				CLANG_WARN_INFINITE_RECURSION = YES;
				CLANG_WARN_INT_CONVERSION = YES;
				CLANG_WARN_OBJC_ROOT_CLASS = YES_ERROR;
				CLANG_WARN_SUSPICIOUS_MOVE = YES;
				CLANG_WARN_UNREACHABLE_CODE = YES;
				CLANG_WARN__DUPLICATE_METHOD_MATCH = YES;
				"CODE_SIGN_IDENTITY[sdk=iphoneos*]" = "iPhone Developer";
				COPY_PHASE_STRIP = NO;
				DEBUG_INFORMATION_FORMAT = dwarf;
				ENABLE_STRICT_OBJC_MSGSEND = YES;
				ENABLE_TESTABILITY = YES;
				GCC_C_LANGUAGE_STANDARD = gnu99;
				GCC_DYNAMIC_NO_PIC = NO;
				GCC_NO_COMMON_BLOCKS = YES;
				GCC_OPTIMIZATION_LEVEL = 0;
				GCC_PREPROCESSOR_DEFINITIONS = (
					"DEBUG=1",
					"$(inherited)",
				);
				GCC_WARN_64_TO_32_BIT_CONVERSION = YES;
				GCC_WARN_ABOUT_RETURN_TYPE = YES_ERROR;
				GCC_WARN_UNDECLARED_SELECTOR = YES;
				GCC_WARN_UNINITIALIZED_AUTOS = YES_AGGRESSIVE;
				GCC_WARN_UNUSED_FUNCTION = YES;
				GCC_WARN_UNUSED_VARIABLE = YES;
				IPHONEOS_DEPLOYMENT_TARGET = 10.0;
				MTL_ENABLE_DEBUG_INFO = YES;
				ONLY_ACTIVE_ARCH = YES;
				SDKROOT = iphoneos;
				SWIFT_OPTIMIZATION_LEVEL = "-Onone";
				TARGETED_DEVICE_FAMILY = "1,2";
			};
			name = Debug;
		};
		B15FFD631D8DFFCC000E53B6 /* Release */ = {
			isa = XCBuildConfiguration;
			buildSettings = {
				ALWAYS_SEARCH_USER_PATHS = NO;
				CLANG_ANALYZER_NONNULL = YES;
				CLANG_CXX_LANGUAGE_STANDARD = "gnu++0x";
				CLANG_CXX_LIBRARY = "libc++";
				CLANG_ENABLE_MODULES = YES;
				CLANG_ENABLE_OBJC_ARC = YES;
				CLANG_WARN_BOOL_CONVERSION = YES;
				CLANG_WARN_CONSTANT_CONVERSION = YES;
				CLANG_WARN_DIRECT_OBJC_ISA_USAGE = YES_ERROR;
				CLANG_WARN_EMPTY_BODY = YES;
				CLANG_WARN_ENUM_CONVERSION = YES;
				CLANG_WARN_INFINITE_RECURSION = YES;
				CLANG_WARN_INT_CONVERSION = YES;
				CLANG_WARN_OBJC_ROOT_CLASS = YES_ERROR;
				CLANG_WARN_SUSPICIOUS_MOVE = YES;
				CLANG_WARN_UNREACHABLE_CODE = YES;
				CLANG_WARN__DUPLICATE_METHOD_MATCH = YES;
				"CODE_SIGN_IDENTITY[sdk=iphoneos*]" = "iPhone Developer";
				COPY_PHASE_STRIP = NO;
				DEBUG_INFORMATION_FORMAT = "dwarf-with-dsym";
				ENABLE_NS_ASSERTIONS = NO;
				ENABLE_STRICT_OBJC_MSGSEND = YES;
				GCC_C_LANGUAGE_STANDARD = gnu99;
				GCC_NO_COMMON_BLOCKS = YES;
				GCC_WARN_64_TO_32_BIT_CONVERSION = YES;
				GCC_WARN_ABOUT_RETURN_TYPE = YES_ERROR;
				GCC_WARN_UNDECLARED_SELECTOR = YES;
				GCC_WARN_UNINITIALIZED_AUTOS = YES_AGGRESSIVE;
				GCC_WARN_UNUSED_FUNCTION = YES;
				GCC_WARN_UNUSED_VARIABLE = YES;
				IPHONEOS_DEPLOYMENT_TARGET = 10.0;
				MTL_ENABLE_DEBUG_INFO = NO;
				SDKROOT = iphoneos;
				SWIFT_OPTIMIZATION_LEVEL = "-Owholemodule";
				TARGETED_DEVICE_FAMILY = "1,2";
				VALIDATE_PRODUCT = YES;
			};
			name = Release;
		};
		B15FFD651D8DFFCC000E53B6 /* Debug */ = {
			isa = XCBuildConfiguration;
			baseConfigurationReference = 6478BDD6E1E03A92BC37B5B0 /* Pods-SchoolBus.debug.xcconfig */;
			buildSettings = {
				ASSETCATALOG_COMPILER_APPICON_NAME = AppIcon;
				DEVELOPMENT_TEAM = 9V9KDQQ5K4;
				INFOPLIST_FILE = SchoolBus/Info.plist;
				LD_RUNPATH_SEARCH_PATHS = "$(inherited) @executable_path/Frameworks";
				LIBRARY_SEARCH_PATHS = (
					"$(inherited)",
					"$(PROJECT_DIR)/Airship",
				);
				PRODUCT_BUNDLE_IDENTIFIER = PDF.SchoolBus;
				PRODUCT_NAME = "$(TARGET_NAME)";
				SWIFT_VERSION = 3.0;
			};
			name = Debug;
		};
		B15FFD661D8DFFCC000E53B6 /* Release */ = {
			isa = XCBuildConfiguration;
			baseConfigurationReference = 286F8E046FF9D889AE745986 /* Pods-SchoolBus.release.xcconfig */;
			buildSettings = {
				ASSETCATALOG_COMPILER_APPICON_NAME = AppIcon;
				DEVELOPMENT_TEAM = 9V9KDQQ5K4;
				INFOPLIST_FILE = SchoolBus/Info.plist;
				LD_RUNPATH_SEARCH_PATHS = "$(inherited) @executable_path/Frameworks";
				LIBRARY_SEARCH_PATHS = (
					"$(inherited)",
					"$(PROJECT_DIR)/Airship",
				);
				PRODUCT_BUNDLE_IDENTIFIER = PDF.SchoolBus;
				PRODUCT_NAME = "$(TARGET_NAME)";
				SWIFT_VERSION = 3.0;
			};
			name = Release;
		};
		B15FFD681D8DFFCC000E53B6 /* Debug */ = {
			isa = XCBuildConfiguration;
			buildSettings = {
				BUNDLE_LOADER = "$(TEST_HOST)";
				INFOPLIST_FILE = SchoolBusTests/Info.plist;
				LD_RUNPATH_SEARCH_PATHS = "$(inherited) @executable_path/Frameworks @loader_path/Frameworks";
				PRODUCT_BUNDLE_IDENTIFIER = PDF.SchoolBusTests;
				PRODUCT_NAME = "$(TARGET_NAME)";
				SWIFT_VERSION = 3.0;
				TEST_HOST = "$(BUILT_PRODUCTS_DIR)/SchoolBus.app/SchoolBus";
			};
			name = Debug;
		};
		B15FFD691D8DFFCC000E53B6 /* Release */ = {
			isa = XCBuildConfiguration;
			buildSettings = {
				BUNDLE_LOADER = "$(TEST_HOST)";
				INFOPLIST_FILE = SchoolBusTests/Info.plist;
				LD_RUNPATH_SEARCH_PATHS = "$(inherited) @executable_path/Frameworks @loader_path/Frameworks";
				PRODUCT_BUNDLE_IDENTIFIER = PDF.SchoolBusTests;
				PRODUCT_NAME = "$(TARGET_NAME)";
				SWIFT_VERSION = 3.0;
				TEST_HOST = "$(BUILT_PRODUCTS_DIR)/SchoolBus.app/SchoolBus";
			};
			name = Release;
		};
		B15FFD6B1D8DFFCC000E53B6 /* Debug */ = {
			isa = XCBuildConfiguration;
			buildSettings = {
				INFOPLIST_FILE = SchoolBusUITests/Info.plist;
				LD_RUNPATH_SEARCH_PATHS = "$(inherited) @executable_path/Frameworks @loader_path/Frameworks";
				PRODUCT_BUNDLE_IDENTIFIER = PDF.SchoolBusUITests;
				PRODUCT_NAME = "$(TARGET_NAME)";
				SWIFT_VERSION = 3.0;
				TEST_TARGET_NAME = SchoolBus;
			};
			name = Debug;
		};
		B15FFD6C1D8DFFCC000E53B6 /* Release */ = {
			isa = XCBuildConfiguration;
			buildSettings = {
				INFOPLIST_FILE = SchoolBusUITests/Info.plist;
				LD_RUNPATH_SEARCH_PATHS = "$(inherited) @executable_path/Frameworks @loader_path/Frameworks";
				PRODUCT_BUNDLE_IDENTIFIER = PDF.SchoolBusUITests;
				PRODUCT_NAME = "$(TARGET_NAME)";
				SWIFT_VERSION = 3.0;
				TEST_TARGET_NAME = SchoolBus;
			};
			name = Release;
		};
/* End XCBuildConfiguration section */

/* Begin XCConfigurationList section */
		B15FFD371D8DFFCC000E53B6 /* Build configuration list for PBXProject "SchoolBus" */ = {
			isa = XCConfigurationList;
			buildConfigurations = (
				B15FFD621D8DFFCC000E53B6 /* Debug */,
				B15FFD631D8DFFCC000E53B6 /* Release */,
			);
			defaultConfigurationIsVisible = 0;
			defaultConfigurationName = Release;
		};
		B15FFD641D8DFFCC000E53B6 /* Build configuration list for PBXNativeTarget "SchoolBus" */ = {
			isa = XCConfigurationList;
			buildConfigurations = (
				B15FFD651D8DFFCC000E53B6 /* Debug */,
				B15FFD661D8DFFCC000E53B6 /* Release */,
			);
			defaultConfigurationIsVisible = 0;
			defaultConfigurationName = Release;
		};
		B15FFD671D8DFFCC000E53B6 /* Build configuration list for PBXNativeTarget "SchoolBusTests" */ = {
			isa = XCConfigurationList;
			buildConfigurations = (
				B15FFD681D8DFFCC000E53B6 /* Debug */,
				B15FFD691D8DFFCC000E53B6 /* Release */,
			);
			defaultConfigurationIsVisible = 0;
			defaultConfigurationName = Release;
		};
		B15FFD6A1D8DFFCC000E53B6 /* Build configuration list for PBXNativeTarget "SchoolBusUITests" */ = {
			isa = XCConfigurationList;
			buildConfigurations = (
				B15FFD6B1D8DFFCC000E53B6 /* Debug */,
				B15FFD6C1D8DFFCC000E53B6 /* Release */,
			);
			defaultConfigurationIsVisible = 0;
			defaultConfigurationName = Release;
		};
/* End XCConfigurationList section */
	};
	rootObject = B15FFD341D8DFFCC000E53B6 /* Project object */;
}
