// !$*UTF8*$!
{
	archiveVersion = 1;
	classes = {
	};
	objectVersion = 46;
	objects = {

/* Begin PBXBuildFile section */
		B15FFD401D8DFFCC000E53B6 /* AppDelegate.swift in Sources */ = {isa = PBXBuildFile; fileRef = B15FFD3F1D8DFFCC000E53B6 /* AppDelegate.swift */; };
		B15FFD421D8DFFCC000E53B6 /* ViewController.swift in Sources */ = {isa = PBXBuildFile; fileRef = B15FFD411D8DFFCC000E53B6 /* ViewController.swift */; };
		B15FFD451D8DFFCC000E53B6 /* Main.storyboard in Resources */ = {isa = PBXBuildFile; fileRef = B15FFD431D8DFFCC000E53B6 /* Main.storyboard */; };
		B15FFD471D8DFFCC000E53B6 /* Assets.xcassets in Resources */ = {isa = PBXBuildFile; fileRef = B15FFD461D8DFFCC000E53B6 /* Assets.xcassets */; };
		B15FFD4A1D8DFFCC000E53B6 /* LaunchScreen.storyboard in Resources */ = {isa = PBXBuildFile; fileRef = B15FFD481D8DFFCC000E53B6 /* LaunchScreen.storyboard */; };
		B15FFD551D8DFFCC000E53B6 /* SchoolBusTests.swift in Sources */ = {isa = PBXBuildFile; fileRef = B15FFD541D8DFFCC000E53B6 /* SchoolBusTests.swift */; };
		B15FFD601D8DFFCC000E53B6 /* SchoolBusUITests.swift in Sources */ = {isa = PBXBuildFile; fileRef = B15FFD5F1D8DFFCC000E53B6 /* SchoolBusUITests.swift */; };
		B17305051DAAE9F000300EB9 /* Commons.swift in Sources */ = {isa = PBXBuildFile; fileRef = B17305041DAAE9F000300EB9 /* Commons.swift */; };
		B173050B1DAAEA1800300EB9 /* BeaconsManager.swift in Sources */ = {isa = PBXBuildFile; fileRef = B17305071DAAEA1800300EB9 /* BeaconsManager.swift */; };
		B173050C1DAAEA1800300EB9 /* GeoRegionRequest.swift in Sources */ = {isa = PBXBuildFile; fileRef = B17305081DAAEA1800300EB9 /* GeoRegionRequest.swift */; };
		B173050D1DAAEA1800300EB9 /* BeaconRegionRequest.swift in Sources */ = {isa = PBXBuildFile; fileRef = B17305091DAAEA1800300EB9 /* BeaconRegionRequest.swift */; };
		B173050E1DAAEA1800300EB9 /* BeaconAdvertiseRequest.swift in Sources */ = {isa = PBXBuildFile; fileRef = B173050A1DAAEA1800300EB9 /* BeaconAdvertiseRequest.swift */; };
		B17305141DAAEA5C00300EB9 /* LocationManager.swift in Sources */ = {isa = PBXBuildFile; fileRef = B17305101DAAEA5C00300EB9 /* LocationManager.swift */; };
		B17305151DAAEA5C00300EB9 /* HeadingRequest.swift in Sources */ = {isa = PBXBuildFile; fileRef = B17305111DAAEA5C00300EB9 /* HeadingRequest.swift */; };
		B17305161DAAEA5C00300EB9 /* LocationRequest.swift in Sources */ = {isa = PBXBuildFile; fileRef = B17305121DAAEA5C00300EB9 /* LocationRequest.swift */; };
		B17305171DAAEA5C00300EB9 /* VisitRequest.swift in Sources */ = {isa = PBXBuildFile; fileRef = B17305131DAAEA5C00300EB9 /* VisitRequest.swift */; };
/* End PBXBuildFile section */

/* Begin PBXContainerItemProxy section */
		B15FFD511D8DFFCC000E53B6 /* PBXContainerItemProxy */ = {
			isa = PBXContainerItemProxy;
			containerPortal = B15FFD341D8DFFCC000E53B6 /* Project object */;
			proxyType = 1;
			remoteGlobalIDString = B15FFD3B1D8DFFCC000E53B6;
			remoteInfo = SchoolBus;
		};
		B15FFD5C1D8DFFCC000E53B6 /* PBXContainerItemProxy */ = {
			isa = PBXContainerItemProxy;
			containerPortal = B15FFD341D8DFFCC000E53B6 /* Project object */;
			proxyType = 1;
			remoteGlobalIDString = B15FFD3B1D8DFFCC000E53B6;
			remoteInfo = SchoolBus;
		};
		B17305201DAAEDDE00300EB9 /* PBXContainerItemProxy */ = {
			isa = PBXContainerItemProxy;
			containerPortal = B173051A1DAAEDDE00300EB9 /* SwiftLocation.xcodeproj */;
			proxyType = 2;
			remoteGlobalIDString = 08819F131CD51F9B00EFD938;
			remoteInfo = SwiftLocation;
		};
		B17305221DAAEDDE00300EB9 /* PBXContainerItemProxy */ = {
			isa = PBXContainerItemProxy;
			containerPortal = B173051A1DAAEDDE00300EB9 /* SwiftLocation.xcodeproj */;
			proxyType = 2;
			remoteGlobalIDString = 08819F1D1CD51F9B00EFD938;
			remoteInfo = SwiftLocationTests;
		};
		B17305241DAAEDDE00300EB9 /* PBXContainerItemProxy */ = {
			isa = PBXContainerItemProxy;
			containerPortal = B173051A1DAAEDDE00300EB9 /* SwiftLocation.xcodeproj */;
			proxyType = 2;
			remoteGlobalIDString = 213F85081D61C7FC00835DCA;
			remoteInfo = SwiftLocationDemo;
		};
/* End PBXContainerItemProxy section */

/* Begin PBXFileReference section */
		B15FFD3C1D8DFFCC000E53B6 /* SchoolBus.app */ = {isa = PBXFileReference; explicitFileType = wrapper.application; includeInIndex = 0; path = SchoolBus.app; sourceTree = BUILT_PRODUCTS_DIR; };
		B15FFD3F1D8DFFCC000E53B6 /* AppDelegate.swift */ = {isa = PBXFileReference; lastKnownFileType = sourcecode.swift; path = AppDelegate.swift; sourceTree = "<group>"; };
		B15FFD411D8DFFCC000E53B6 /* ViewController.swift */ = {isa = PBXFileReference; lastKnownFileType = sourcecode.swift; path = ViewController.swift; sourceTree = "<group>"; };
		B15FFD441D8DFFCC000E53B6 /* Base */ = {isa = PBXFileReference; lastKnownFileType = file.storyboard; name = Base; path = Base.lproj/Main.storyboard; sourceTree = "<group>"; };
		B15FFD461D8DFFCC000E53B6 /* Assets.xcassets */ = {isa = PBXFileReference; lastKnownFileType = folder.assetcatalog; path = Assets.xcassets; sourceTree = "<group>"; };
		B15FFD491D8DFFCC000E53B6 /* Base */ = {isa = PBXFileReference; lastKnownFileType = file.storyboard; name = Base; path = Base.lproj/LaunchScreen.storyboard; sourceTree = "<group>"; };
		B15FFD4B1D8DFFCC000E53B6 /* Info.plist */ = {isa = PBXFileReference; lastKnownFileType = text.plist.xml; path = Info.plist; sourceTree = "<group>"; };
		B15FFD501D8DFFCC000E53B6 /* SchoolBusTests.xctest */ = {isa = PBXFileReference; explicitFileType = wrapper.cfbundle; includeInIndex = 0; path = SchoolBusTests.xctest; sourceTree = BUILT_PRODUCTS_DIR; };
		B15FFD541D8DFFCC000E53B6 /* SchoolBusTests.swift */ = {isa = PBXFileReference; lastKnownFileType = sourcecode.swift; path = SchoolBusTests.swift; sourceTree = "<group>"; };
		B15FFD561D8DFFCC000E53B6 /* Info.plist */ = {isa = PBXFileReference; lastKnownFileType = text.plist.xml; path = Info.plist; sourceTree = "<group>"; };
		B15FFD5B1D8DFFCC000E53B6 /* SchoolBusUITests.xctest */ = {isa = PBXFileReference; explicitFileType = wrapper.cfbundle; includeInIndex = 0; path = SchoolBusUITests.xctest; sourceTree = BUILT_PRODUCTS_DIR; };
		B15FFD5F1D8DFFCC000E53B6 /* SchoolBusUITests.swift */ = {isa = PBXFileReference; lastKnownFileType = sourcecode.swift; path = SchoolBusUITests.swift; sourceTree = "<group>"; };
		B15FFD611D8DFFCC000E53B6 /* Info.plist */ = {isa = PBXFileReference; lastKnownFileType = text.plist.xml; path = Info.plist; sourceTree = "<group>"; };
		B17305031DAAE9F000300EB9 /* SwiftLocation.h */ = {isa = PBXFileReference; fileEncoding = 4; lastKnownFileType = sourcecode.c.h; name = SwiftLocation.h; path = ../../SwiftLocation/SwiftLocation/SwiftLocation/SwiftLocation.h; sourceTree = "<group>"; };
		B17305041DAAE9F000300EB9 /* Commons.swift */ = {isa = PBXFileReference; fileEncoding = 4; lastKnownFileType = sourcecode.swift; name = Commons.swift; path = ../../SwiftLocation/src/Commons.swift; sourceTree = "<group>"; };
		B17305071DAAEA1800300EB9 /* BeaconsManager.swift */ = {isa = PBXFileReference; fileEncoding = 4; lastKnownFileType = sourcecode.swift; name = BeaconsManager.swift; path = ../../SwiftLocation/src/BeaconsManager.swift; sourceTree = "<group>"; };
		B17305081DAAEA1800300EB9 /* GeoRegionRequest.swift */ = {isa = PBXFileReference; fileEncoding = 4; lastKnownFileType = sourcecode.swift; name = GeoRegionRequest.swift; path = ../../SwiftLocation/src/GeoRegionRequest.swift; sourceTree = "<group>"; };
		B17305091DAAEA1800300EB9 /* BeaconRegionRequest.swift */ = {isa = PBXFileReference; fileEncoding = 4; lastKnownFileType = sourcecode.swift; name = BeaconRegionRequest.swift; path = ../../SwiftLocation/src/BeaconRegionRequest.swift; sourceTree = "<group>"; };
		B173050A1DAAEA1800300EB9 /* BeaconAdvertiseRequest.swift */ = {isa = PBXFileReference; fileEncoding = 4; lastKnownFileType = sourcecode.swift; name = BeaconAdvertiseRequest.swift; path = ../../SwiftLocation/src/BeaconAdvertiseRequest.swift; sourceTree = "<group>"; };
		B17305101DAAEA5C00300EB9 /* LocationManager.swift */ = {isa = PBXFileReference; fileEncoding = 4; lastKnownFileType = sourcecode.swift; name = LocationManager.swift; path = ../../SwiftLocation/src/LocationManager.swift; sourceTree = "<group>"; };
		B17305111DAAEA5C00300EB9 /* HeadingRequest.swift */ = {isa = PBXFileReference; fileEncoding = 4; lastKnownFileType = sourcecode.swift; name = HeadingRequest.swift; path = ../../SwiftLocation/src/HeadingRequest.swift; sourceTree = "<group>"; };
		B17305121DAAEA5C00300EB9 /* LocationRequest.swift */ = {isa = PBXFileReference; fileEncoding = 4; lastKnownFileType = sourcecode.swift; name = LocationRequest.swift; path = ../../SwiftLocation/src/LocationRequest.swift; sourceTree = "<group>"; };
		B17305131DAAEA5C00300EB9 /* VisitRequest.swift */ = {isa = PBXFileReference; fileEncoding = 4; lastKnownFileType = sourcecode.swift; name = VisitRequest.swift; path = ../../SwiftLocation/src/VisitRequest.swift; sourceTree = "<group>"; };
		B173051A1DAAEDDE00300EB9 /* SwiftLocation.xcodeproj */ = {isa = PBXFileReference; lastKnownFileType = "wrapper.pb-project"; name = SwiftLocation.xcodeproj; path = ../../SwiftLocation/SwiftLocation/SwiftLocation.xcodeproj; sourceTree = "<group>"; };
/* End PBXFileReference section */

/* Begin PBXFrameworksBuildPhase section */
		B15FFD391D8DFFCC000E53B6 /* Frameworks */ = {
			isa = PBXFrameworksBuildPhase;
			buildActionMask = 2147483647;
			files = (
			);
			runOnlyForDeploymentPostprocessing = 0;
		};
		B15FFD4D1D8DFFCC000E53B6 /* Frameworks */ = {
			isa = PBXFrameworksBuildPhase;
			buildActionMask = 2147483647;
			files = (
			);
			runOnlyForDeploymentPostprocessing = 0;
		};
		B15FFD581D8DFFCC000E53B6 /* Frameworks */ = {
			isa = PBXFrameworksBuildPhase;
			buildActionMask = 2147483647;
			files = (
			);
			runOnlyForDeploymentPostprocessing = 0;
		};
/* End PBXFrameworksBuildPhase section */

/* Begin PBXGroup section */
		B15FFD331D8DFFCC000E53B6 = {
			isa = PBXGroup;
			children = (
				B15FFD3E1D8DFFCC000E53B6 /* SchoolBus */,
				B15FFD531D8DFFCC000E53B6 /* SchoolBusTests */,
				B15FFD5E1D8DFFCC000E53B6 /* SchoolBusUITests */,
				B17305061DAAE9F900300EB9 /* SwiftLocation */,
				B15FFD3D1D8DFFCC000E53B6 /* Products */,
				B17305191DAAEDDE00300EB9 /* Frameworks */,
			);
			sourceTree = "<group>";
		};
		B15FFD3D1D8DFFCC000E53B6 /* Products */ = {
			isa = PBXGroup;
			children = (
				B15FFD3C1D8DFFCC000E53B6 /* SchoolBus.app */,
				B15FFD501D8DFFCC000E53B6 /* SchoolBusTests.xctest */,
				B15FFD5B1D8DFFCC000E53B6 /* SchoolBusUITests.xctest */,
			);
			name = Products;
			sourceTree = "<group>";
		};
		B15FFD3E1D8DFFCC000E53B6 /* SchoolBus */ = {
			isa = PBXGroup;
			children = (
				B15FFD3F1D8DFFCC000E53B6 /* AppDelegate.swift */,
				B15FFD411D8DFFCC000E53B6 /* ViewController.swift */,
				B15FFD431D8DFFCC000E53B6 /* Main.storyboard */,
				B15FFD461D8DFFCC000E53B6 /* Assets.xcassets */,
				B15FFD481D8DFFCC000E53B6 /* LaunchScreen.storyboard */,
				B15FFD4B1D8DFFCC000E53B6 /* Info.plist */,
			);
			path = SchoolBus;
			sourceTree = "<group>";
		};
		B15FFD531D8DFFCC000E53B6 /* SchoolBusTests */ = {
			isa = PBXGroup;
			children = (
				B15FFD541D8DFFCC000E53B6 /* SchoolBusTests.swift */,
				B15FFD561D8DFFCC000E53B6 /* Info.plist */,
			);
			path = SchoolBusTests;
			sourceTree = "<group>";
		};
		B15FFD5E1D8DFFCC000E53B6 /* SchoolBusUITests */ = {
			isa = PBXGroup;
			children = (
				B15FFD5F1D8DFFCC000E53B6 /* SchoolBusUITests.swift */,
				B15FFD611D8DFFCC000E53B6 /* Info.plist */,
			);
			path = SchoolBusUITests;
			sourceTree = "<group>";
		};
		B17305061DAAE9F900300EB9 /* SwiftLocation */ = {
			isa = PBXGroup;
			children = (
				B17305031DAAE9F000300EB9 /* SwiftLocation.h */,
				B17305041DAAE9F000300EB9 /* Commons.swift */,
				B173050F1DAAEA2F00300EB9 /* Beacon Services */,
				B17305181DAAEA7100300EB9 /* Location Services */,
			);
			name = SwiftLocation;
			sourceTree = "<group>";
		};
		B173050F1DAAEA2F00300EB9 /* Beacon Services */ = {
			isa = PBXGroup;
			children = (
				B17305071DAAEA1800300EB9 /* BeaconsManager.swift */,
				B17305081DAAEA1800300EB9 /* GeoRegionRequest.swift */,
				B17305091DAAEA1800300EB9 /* BeaconRegionRequest.swift */,
				B173050A1DAAEA1800300EB9 /* BeaconAdvertiseRequest.swift */,
			);
			name = "Beacon Services";
			sourceTree = "<group>";
		};
		B17305181DAAEA7100300EB9 /* Location Services */ = {
			isa = PBXGroup;
			children = (
				B17305101DAAEA5C00300EB9 /* LocationManager.swift */,
				B17305111DAAEA5C00300EB9 /* HeadingRequest.swift */,
				B17305121DAAEA5C00300EB9 /* LocationRequest.swift */,
				B17305131DAAEA5C00300EB9 /* VisitRequest.swift */,
			);
			name = "Location Services";
			sourceTree = "<group>";
		};
		B17305191DAAEDDE00300EB9 /* Frameworks */ = {
			isa = PBXGroup;
			children = (
				B173051A1DAAEDDE00300EB9 /* SwiftLocation.xcodeproj */,
			);
			name = Frameworks;
			sourceTree = "<group>";
		};
		B173051B1DAAEDDE00300EB9 /* Products */ = {
			isa = PBXGroup;
			children = (
				B17305211DAAEDDE00300EB9 /* SwiftLocation.framework */,
				B17305231DAAEDDE00300EB9 /* SwiftLocationTests.xctest */,
				B17305251DAAEDDE00300EB9 /* SwiftLocationDemo.app */,
			);
			name = Products;
			sourceTree = "<group>";
		};
/* End PBXGroup section */

/* Begin PBXNativeTarget section */
		B15FFD3B1D8DFFCC000E53B6 /* SchoolBus */ = {
			isa = PBXNativeTarget;
			buildConfigurationList = B15FFD641D8DFFCC000E53B6 /* Build configuration list for PBXNativeTarget "SchoolBus" */;
			buildPhases = (
				B15FFD381D8DFFCC000E53B6 /* Sources */,
				B15FFD391D8DFFCC000E53B6 /* Frameworks */,
				B15FFD3A1D8DFFCC000E53B6 /* Resources */,
			);
			buildRules = (
			);
			dependencies = (
			);
			name = SchoolBus;
			productName = SchoolBus;
			productReference = B15FFD3C1D8DFFCC000E53B6 /* SchoolBus.app */;
			productType = "com.apple.product-type.application";
		};
		B15FFD4F1D8DFFCC000E53B6 /* SchoolBusTests */ = {
			isa = PBXNativeTarget;
			buildConfigurationList = B15FFD671D8DFFCC000E53B6 /* Build configuration list for PBXNativeTarget "SchoolBusTests" */;
			buildPhases = (
				B15FFD4C1D8DFFCC000E53B6 /* Sources */,
				B15FFD4D1D8DFFCC000E53B6 /* Frameworks */,
				B15FFD4E1D8DFFCC000E53B6 /* Resources */,
			);
			buildRules = (
			);
			dependencies = (
				B15FFD521D8DFFCC000E53B6 /* PBXTargetDependency */,
			);
			name = SchoolBusTests;
			productName = SchoolBusTests;
			productReference = B15FFD501D8DFFCC000E53B6 /* SchoolBusTests.xctest */;
			productType = "com.apple.product-type.bundle.unit-test";
		};
		B15FFD5A1D8DFFCC000E53B6 /* SchoolBusUITests */ = {
			isa = PBXNativeTarget;
			buildConfigurationList = B15FFD6A1D8DFFCC000E53B6 /* Build configuration list for PBXNativeTarget "SchoolBusUITests" */;
			buildPhases = (
				B15FFD571D8DFFCC000E53B6 /* Sources */,
				B15FFD581D8DFFCC000E53B6 /* Frameworks */,
				B15FFD591D8DFFCC000E53B6 /* Resources */,
			);
			buildRules = (
			);
			dependencies = (
				B15FFD5D1D8DFFCC000E53B6 /* PBXTargetDependency */,
			);
			name = SchoolBusUITests;
			productName = SchoolBusUITests;
			productReference = B15FFD5B1D8DFFCC000E53B6 /* SchoolBusUITests.xctest */;
			productType = "com.apple.product-type.bundle.ui-testing";
		};
/* End PBXNativeTarget section */

/* Begin PBXProject section */
		B15FFD341D8DFFCC000E53B6 /* Project object */ = {
			isa = PBXProject;
			attributes = {
				LastSwiftUpdateCheck = 0730;
				LastUpgradeCheck = 0800;
				ORGANIZATIONNAME = "Paul Freeman";
				TargetAttributes = {
					B15FFD3B1D8DFFCC000E53B6 = {
						CreatedOnToolsVersion = 7.3.1;
						DevelopmentTeam = 9V9KDQQ5K4;
						LastSwiftMigration = 0800;
						SystemCapabilities = {
							com.apple.BackgroundModes = {
								enabled = 1;
							};
						};
					};
					B15FFD4F1D8DFFCC000E53B6 = {
						CreatedOnToolsVersion = 7.3.1;
						LastSwiftMigration = 0800;
						TestTargetID = B15FFD3B1D8DFFCC000E53B6;
					};
					B15FFD5A1D8DFFCC000E53B6 = {
						CreatedOnToolsVersion = 7.3.1;
						LastSwiftMigration = 0800;
						TestTargetID = B15FFD3B1D8DFFCC000E53B6;
					};
				};
			};
			buildConfigurationList = B15FFD371D8DFFCC000E53B6 /* Build configuration list for PBXProject "SchoolBus" */;
			compatibilityVersion = "Xcode 3.2";
			developmentRegion = English;
			hasScannedForEncodings = 0;
			knownRegions = (
				en,
				Base,
			);
			mainGroup = B15FFD331D8DFFCC000E53B6;
			productRefGroup = B15FFD3D1D8DFFCC000E53B6 /* Products */;
			projectDirPath = "";
			projectReferences = (
				{
					ProductGroup = B173051B1DAAEDDE00300EB9 /* Products */;
					ProjectRef = B173051A1DAAEDDE00300EB9 /* SwiftLocation.xcodeproj */;
				},
			);
			projectRoot = "";
			targets = (
				B15FFD3B1D8DFFCC000E53B6 /* SchoolBus */,
				B15FFD4F1D8DFFCC000E53B6 /* SchoolBusTests */,
				B15FFD5A1D8DFFCC000E53B6 /* SchoolBusUITests */,
			);
		};
/* End PBXProject section */

/* Begin PBXReferenceProxy section */
		B17305211DAAEDDE00300EB9 /* SwiftLocation.framework */ = {
			isa = PBXReferenceProxy;
			fileType = wrapper.framework;
			path = SwiftLocation.framework;
			remoteRef = B17305201DAAEDDE00300EB9 /* PBXContainerItemProxy */;
			sourceTree = BUILT_PRODUCTS_DIR;
		};
		B17305231DAAEDDE00300EB9 /* SwiftLocationTests.xctest */ = {
			isa = PBXReferenceProxy;
			fileType = wrapper.cfbundle;
			path = SwiftLocationTests.xctest;
			remoteRef = B17305221DAAEDDE00300EB9 /* PBXContainerItemProxy */;
			sourceTree = BUILT_PRODUCTS_DIR;
		};
		B17305251DAAEDDE00300EB9 /* SwiftLocationDemo.app */ = {
			isa = PBXReferenceProxy;
			fileType = wrapper.application;
			path = SwiftLocationDemo.app;
			remoteRef = B17305241DAAEDDE00300EB9 /* PBXContainerItemProxy */;
			sourceTree = BUILT_PRODUCTS_DIR;
		};
/* End PBXReferenceProxy section */

/* Begin PBXResourcesBuildPhase section */
		B15FFD3A1D8DFFCC000E53B6 /* Resources */ = {
			isa = PBXResourcesBuildPhase;
			buildActionMask = 2147483647;
			files = (
				B15FFD4A1D8DFFCC000E53B6 /* LaunchScreen.storyboard in Resources */,
				B15FFD471D8DFFCC000E53B6 /* Assets.xcassets in Resources */,
				B15FFD451D8DFFCC000E53B6 /* Main.storyboard in Resources */,
			);
			runOnlyForDeploymentPostprocessing = 0;
		};
		B15FFD4E1D8DFFCC000E53B6 /* Resources */ = {
			isa = PBXResourcesBuildPhase;
			buildActionMask = 2147483647;
			files = (
			);
			runOnlyForDeploymentPostprocessing = 0;
		};
		B15FFD591D8DFFCC000E53B6 /* Resources */ = {
			isa = PBXResourcesBuildPhase;
			buildActionMask = 2147483647;
			files = (
			);
			runOnlyForDeploymentPostprocessing = 0;
		};
/* End PBXResourcesBuildPhase section */

/* Begin PBXSourcesBuildPhase section */
		B15FFD381D8DFFCC000E53B6 /* Sources */ = {
			isa = PBXSourcesBuildPhase;
			buildActionMask = 2147483647;
			files = (
				B17305171DAAEA5C00300EB9 /* VisitRequest.swift in Sources */,
				B17305161DAAEA5C00300EB9 /* LocationRequest.swift in Sources */,
				B173050C1DAAEA1800300EB9 /* GeoRegionRequest.swift in Sources */,
				B15FFD421D8DFFCC000E53B6 /* ViewController.swift in Sources */,
				B17305151DAAEA5C00300EB9 /* HeadingRequest.swift in Sources */,
				B173050B1DAAEA1800300EB9 /* BeaconsManager.swift in Sources */,
				B173050E1DAAEA1800300EB9 /* BeaconAdvertiseRequest.swift in Sources */,
				B17305141DAAEA5C00300EB9 /* LocationManager.swift in Sources */,
				B17305051DAAE9F000300EB9 /* Commons.swift in Sources */,
				B15FFD401D8DFFCC000E53B6 /* AppDelegate.swift in Sources */,
				B173050D1DAAEA1800300EB9 /* BeaconRegionRequest.swift in Sources */,
			);
			runOnlyForDeploymentPostprocessing = 0;
		};
		B15FFD4C1D8DFFCC000E53B6 /* Sources */ = {
			isa = PBXSourcesBuildPhase;
			buildActionMask = 2147483647;
			files = (
				B15FFD551D8DFFCC000E53B6 /* SchoolBusTests.swift in Sources */,
			);
			runOnlyForDeploymentPostprocessing = 0;
		};
		B15FFD571D8DFFCC000E53B6 /* Sources */ = {
			isa = PBXSourcesBuildPhase;
			buildActionMask = 2147483647;
			files = (
				B15FFD601D8DFFCC000E53B6 /* SchoolBusUITests.swift in Sources */,
			);
			runOnlyForDeploymentPostprocessing = 0;
		};
/* End PBXSourcesBuildPhase section */

/* Begin PBXTargetDependency section */
		B15FFD521D8DFFCC000E53B6 /* PBXTargetDependency */ = {
			isa = PBXTargetDependency;
			target = B15FFD3B1D8DFFCC000E53B6 /* SchoolBus */;
			targetProxy = B15FFD511D8DFFCC000E53B6 /* PBXContainerItemProxy */;
		};
		B15FFD5D1D8DFFCC000E53B6 /* PBXTargetDependency */ = {
			isa = PBXTargetDependency;
			target = B15FFD3B1D8DFFCC000E53B6 /* SchoolBus */;
			targetProxy = B15FFD5C1D8DFFCC000E53B6 /* PBXContainerItemProxy */;
		};
/* End PBXTargetDependency section */

/* Begin PBXVariantGroup section */
		B15FFD431D8DFFCC000E53B6 /* Main.storyboard */ = {
			isa = PBXVariantGroup;
			children = (
				B15FFD441D8DFFCC000E53B6 /* Base */,
			);
			name = Main.storyboard;
			sourceTree = "<group>";
		};
		B15FFD481D8DFFCC000E53B6 /* LaunchScreen.storyboard */ = {
			isa = PBXVariantGroup;
			children = (
				B15FFD491D8DFFCC000E53B6 /* Base */,
			);
			name = LaunchScreen.storyboard;
			sourceTree = "<group>";
		};
/* End PBXVariantGroup section */

/* Begin XCBuildConfiguration section */
		B15FFD621D8DFFCC000E53B6 /* Debug */ = {
			isa = XCBuildConfiguration;
			buildSettings = {
				ALWAYS_SEARCH_USER_PATHS = NO;
				CLANG_ANALYZER_NONNULL = YES;
				CLANG_CXX_LANGUAGE_STANDARD = "gnu++0x";
				CLANG_CXX_LIBRARY = "libc++";
				CLANG_ENABLE_MODULES = YES;
				CLANG_ENABLE_OBJC_ARC = YES;
				CLANG_WARN_BOOL_CONVERSION = YES;
				CLANG_WARN_CONSTANT_CONVERSION = YES;
				CLANG_WARN_DIRECT_OBJC_ISA_USAGE = YES_ERROR;
				CLANG_WARN_EMPTY_BODY = YES;
				CLANG_WARN_ENUM_CONVERSION = YES;
				CLANG_WARN_INFINITE_RECURSION = YES;
				CLANG_WARN_INT_CONVERSION = YES;
				CLANG_WARN_OBJC_ROOT_CLASS = YES_ERROR;
				CLANG_WARN_SUSPICIOUS_MOVE = YES;
				CLANG_WARN_UNREACHABLE_CODE = YES;
				CLANG_WARN__DUPLICATE_METHOD_MATCH = YES;
				"CODE_SIGN_IDENTITY[sdk=iphoneos*]" = "iPhone Developer";
				COPY_PHASE_STRIP = NO;
				DEBUG_INFORMATION_FORMAT = dwarf;
				ENABLE_STRICT_OBJC_MSGSEND = YES;
				ENABLE_TESTABILITY = YES;
				GCC_C_LANGUAGE_STANDARD = gnu99;
				GCC_DYNAMIC_NO_PIC = NO;
				GCC_NO_COMMON_BLOCKS = YES;
				GCC_OPTIMIZATION_LEVEL = 0;
				GCC_PREPROCESSOR_DEFINITIONS = (
					"DEBUG=1",
					"$(inherited)",
				);
				GCC_WARN_64_TO_32_BIT_CONVERSION = YES;
				GCC_WARN_ABOUT_RETURN_TYPE = YES_ERROR;
				GCC_WARN_UNDECLARED_SELECTOR = YES;
				GCC_WARN_UNINITIALIZED_AUTOS = YES_AGGRESSIVE;
				GCC_WARN_UNUSED_FUNCTION = YES;
				GCC_WARN_UNUSED_VARIABLE = YES;
				IPHONEOS_DEPLOYMENT_TARGET = 10.0;
				MTL_ENABLE_DEBUG_INFO = YES;
				ONLY_ACTIVE_ARCH = YES;
				SDKROOT = iphoneos;
				SWIFT_OPTIMIZATION_LEVEL = "-Onone";
				TARGETED_DEVICE_FAMILY = "1,2";
			};
			name = Debug;
		};
		B15FFD631D8DFFCC000E53B6 /* Release */ = {
			isa = XCBuildConfiguration;
			buildSettings = {
				ALWAYS_SEARCH_USER_PATHS = NO;
				CLANG_ANALYZER_NONNULL = YES;
				CLANG_CXX_LANGUAGE_STANDARD = "gnu++0x";
				CLANG_CXX_LIBRARY = "libc++";
				CLANG_ENABLE_MODULES = YES;
				CLANG_ENABLE_OBJC_ARC = YES;
				CLANG_WARN_BOOL_CONVERSION = YES;
				CLANG_WARN_CONSTANT_CONVERSION = YES;
				CLANG_WARN_DIRECT_OBJC_ISA_USAGE = YES_ERROR;
				CLANG_WARN_EMPTY_BODY = YES;
				CLANG_WARN_ENUM_CONVERSION = YES;
				CLANG_WARN_INFINITE_RECURSION = YES;
				CLANG_WARN_INT_CONVERSION = YES;
				CLANG_WARN_OBJC_ROOT_CLASS = YES_ERROR;
				CLANG_WARN_SUSPICIOUS_MOVE = YES;
				CLANG_WARN_UNREACHABLE_CODE = YES;
				CLANG_WARN__DUPLICATE_METHOD_MATCH = YES;
				"CODE_SIGN_IDENTITY[sdk=iphoneos*]" = "iPhone Developer";
				COPY_PHASE_STRIP = NO;
				DEBUG_INFORMATION_FORMAT = "dwarf-with-dsym";
				ENABLE_NS_ASSERTIONS = NO;
				ENABLE_STRICT_OBJC_MSGSEND = YES;
				GCC_C_LANGUAGE_STANDARD = gnu99;
				GCC_NO_COMMON_BLOCKS = YES;
				GCC_WARN_64_TO_32_BIT_CONVERSION = YES;
				GCC_WARN_ABOUT_RETURN_TYPE = YES_ERROR;
				GCC_WARN_UNDECLARED_SELECTOR = YES;
				GCC_WARN_UNINITIALIZED_AUTOS = YES_AGGRESSIVE;
				GCC_WARN_UNUSED_FUNCTION = YES;
				GCC_WARN_UNUSED_VARIABLE = YES;
				IPHONEOS_DEPLOYMENT_TARGET = 10.0;
				MTL_ENABLE_DEBUG_INFO = NO;
				SDKROOT = iphoneos;
				SWIFT_OPTIMIZATION_LEVEL = "-Owholemodule";
				TARGETED_DEVICE_FAMILY = "1,2";
				VALIDATE_PRODUCT = YES;
			};
			name = Release;
		};
		B15FFD651D8DFFCC000E53B6 /* Debug */ = {
			isa = XCBuildConfiguration;
			buildSettings = {
				ASSETCATALOG_COMPILER_APPICON_NAME = AppIcon;
				DEVELOPMENT_TEAM = 9V9KDQQ5K4;
				INFOPLIST_FILE = SchoolBus/Info.plist;
				LD_RUNPATH_SEARCH_PATHS = "$(inherited) @executable_path/Frameworks";
				PRODUCT_BUNDLE_IDENTIFIER = PDF.SchoolBus;
				PRODUCT_NAME = "$(TARGET_NAME)";
				SWIFT_VERSION = 3.0;
			};
			name = Debug;
		};
		B15FFD661D8DFFCC000E53B6 /* Release */ = {
			isa = XCBuildConfiguration;
			buildSettings = {
				ASSETCATALOG_COMPILER_APPICON_NAME = AppIcon;
				DEVELOPMENT_TEAM = 9V9KDQQ5K4;
				INFOPLIST_FILE = SchoolBus/Info.plist;
				LD_RUNPATH_SEARCH_PATHS = "$(inherited) @executable_path/Frameworks";
				PRODUCT_BUNDLE_IDENTIFIER = PDF.SchoolBus;
				PRODUCT_NAME = "$(TARGET_NAME)";
				SWIFT_VERSION = 3.0;
			};
			name = Release;
		};
		B15FFD681D8DFFCC000E53B6 /* Debug */ = {
			isa = XCBuildConfiguration;
			buildSettings = {
				BUNDLE_LOADER = "$(TEST_HOST)";
				INFOPLIST_FILE = SchoolBusTests/Info.plist;
				LD_RUNPATH_SEARCH_PATHS = "$(inherited) @executable_path/Frameworks @loader_path/Frameworks";
				PRODUCT_BUNDLE_IDENTIFIER = PDF.SchoolBusTests;
				PRODUCT_NAME = "$(TARGET_NAME)";
				SWIFT_VERSION = 3.0;
				TEST_HOST = "$(BUILT_PRODUCTS_DIR)/SchoolBus.app/SchoolBus";
			};
			name = Debug;
		};
		B15FFD691D8DFFCC000E53B6 /* Release */ = {
			isa = XCBuildConfiguration;
			buildSettings = {
				BUNDLE_LOADER = "$(TEST_HOST)";
				INFOPLIST_FILE = SchoolBusTests/Info.plist;
				LD_RUNPATH_SEARCH_PATHS = "$(inherited) @executable_path/Frameworks @loader_path/Frameworks";
				PRODUCT_BUNDLE_IDENTIFIER = PDF.SchoolBusTests;
				PRODUCT_NAME = "$(TARGET_NAME)";
				SWIFT_VERSION = 3.0;
				TEST_HOST = "$(BUILT_PRODUCTS_DIR)/SchoolBus.app/SchoolBus";
			};
			name = Release;
		};
		B15FFD6B1D8DFFCC000E53B6 /* Debug */ = {
			isa = XCBuildConfiguration;
			buildSettings = {
				INFOPLIST_FILE = SchoolBusUITests/Info.plist;
				LD_RUNPATH_SEARCH_PATHS = "$(inherited) @executable_path/Frameworks @loader_path/Frameworks";
				PRODUCT_BUNDLE_IDENTIFIER = PDF.SchoolBusUITests;
				PRODUCT_NAME = "$(TARGET_NAME)";
				SWIFT_VERSION = 3.0;
				TEST_TARGET_NAME = SchoolBus;
			};
			name = Debug;
		};
		B15FFD6C1D8DFFCC000E53B6 /* Release */ = {
			isa = XCBuildConfiguration;
			buildSettings = {
				INFOPLIST_FILE = SchoolBusUITests/Info.plist;
				LD_RUNPATH_SEARCH_PATHS = "$(inherited) @executable_path/Frameworks @loader_path/Frameworks";
				PRODUCT_BUNDLE_IDENTIFIER = PDF.SchoolBusUITests;
				PRODUCT_NAME = "$(TARGET_NAME)";
				SWIFT_VERSION = 3.0;
				TEST_TARGET_NAME = SchoolBus;
			};
			name = Release;
		};
/* End XCBuildConfiguration section */

/* Begin XCConfigurationList section */
		B15FFD371D8DFFCC000E53B6 /* Build configuration list for PBXProject "SchoolBus" */ = {
			isa = XCConfigurationList;
			buildConfigurations = (
				B15FFD621D8DFFCC000E53B6 /* Debug */,
				B15FFD631D8DFFCC000E53B6 /* Release */,
			);
			defaultConfigurationIsVisible = 0;
			defaultConfigurationName = Release;
		};
		B15FFD641D8DFFCC000E53B6 /* Build configuration list for PBXNativeTarget "SchoolBus" */ = {
			isa = XCConfigurationList;
			buildConfigurations = (
				B15FFD651D8DFFCC000E53B6 /* Debug */,
				B15FFD661D8DFFCC000E53B6 /* Release */,
			);
			defaultConfigurationIsVisible = 0;
			defaultConfigurationName = Release;
		};
		B15FFD671D8DFFCC000E53B6 /* Build configuration list for PBXNativeTarget "SchoolBusTests" */ = {
			isa = XCConfigurationList;
			buildConfigurations = (
				B15FFD681D8DFFCC000E53B6 /* Debug */,
				B15FFD691D8DFFCC000E53B6 /* Release */,
			);
			defaultConfigurationIsVisible = 0;
			defaultConfigurationName = Release;
		};
		B15FFD6A1D8DFFCC000E53B6 /* Build configuration list for PBXNativeTarget "SchoolBusUITests" */ = {
			isa = XCConfigurationList;
			buildConfigurations = (
				B15FFD6B1D8DFFCC000E53B6 /* Debug */,
				B15FFD6C1D8DFFCC000E53B6 /* Release */,
			);
			defaultConfigurationIsVisible = 0;
			defaultConfigurationName = Release;
		};
/* End XCConfigurationList section */
	};
	rootObject = B15FFD341D8DFFCC000E53B6 /* Project object */;
}
